<?xml version="1.0" encoding="UTF-8" standalone="yes" ?>
<CodeBlocks_project_file>
	<FileVersion major="1" minor="6" />
	<Project>
		<Option title="Arcade Revolt" />
		<Option pch_mode="2" />
		<Option compiler="cygwin_gcc_mingw" />
		<Build>
			<Target title="Debug">
				<Option output="bin\Debug\Arcade Revolt" prefix_auto="1" extension_auto="1" />
				<Option working_dir="bin\Debug" />
				<Option object_output="obj\Debug\" />
				<Option type="1" />
				<Option compiler="cygwin_gcc_mingw" />
				<Option projectLinkerOptionsRelation="1" />
				<Compiler>
					<Add option="-mno-cygwin" />
					<Add option="-fexpensive-optimizations" />
					<Add option="-Os" />
					<Add option="-O3" />
					<Add option="-O2" />
				</Compiler>
				<Linker>
					<Add option="-s" />
					<Add option="-mwindows" />
					<Add option="-lmingw32" />
					<Add option="-static" />
					<Add library="lib\libSDL.dll.a" />
					<Add library="libSDLmain.a" />
					<Add library="lib\SDL_image.lib" />
					<Add library="SDL.dll" />
					<Add directory="lib" />
				</Linker>
			</Target>
			<Target title="Release">
				<Option output="bin\Release\Arcade Revolt" prefix_auto="1" extension_auto="1" />
				<Option object_output="obj\Release\" />
				<Option type="0" />
				<Option compiler="cygwin_gcc_mingw" />
				<Compiler>
					<Add option="-mno-cygwin" />
					<Add option="-O2" />
					<Add option="-mwindows" />
				</Compiler>
				<Linker>
					<Add option="-s" />
					<Add option="-static" />
					<Add option="-mwindows" />
					<Add option="-lmingw32" />
					<Add library="lib\libSDL.dll.a" />
					<Add library="lib\libSDLmain.a" />
					<Add library="lib\SDL_image.lib" />
					<Add library="SDL.dll" />
				</Linker>
			</Target>
		</Build>
		<Compiler>
			<Add option="-Wall" />
			<Add option="-static" />
			<Add option="-mwindows" />
			<Add directory="include" />
			<Add directory="include\SDL" />
			<Add directory="include\Enemies" />
		</Compiler>
		<Linker>
			<Add library="SDLmain" />
			<Add library="SDL.dll" />
			<Add library="lib\SDL_image.lib" />
			<Add directory="C:\Users\CharnaD\Documents\CodeBlocks Projects\Arcade Revolt\lib" />
		</Linker>
		<Unit filename="include\Animation.h" />
		<Unit filename="include\Define.h" />
		<Unit filename="include\Enemies\Dahl.h" />
		<Unit filename="include\Enemies\Doria.h" />
		<Unit filename="include\Enemies\Minvo.h" />
		<Unit filename="include\Enemies\Oneal.h" />
		<Unit filename="include\Enemies\Ovape.h" />
		<Unit filename="include\Enemies\Pass.h" />
		<Unit filename="include\Enemies\Pontan.h" />
		<Unit filename="include\Enemies\Valcom.h" />
		<Unit filename="include\Entity.h" />
		<Unit filename="include\Event.h" />
		<Unit filename="include\FPS.h" />
		<Unit filename="include\Game.h" />
		<Unit filename="include\Map.h" />
		<Unit filename="include\Sprite.h" />
		<Unit filename="include\Tile.h" />
		<Unit filename="main.cpp" />
		<Unit filename="src\Animation.cpp" />
		<Unit filename="src\Enemies\Dahl.cpp" />
		<Unit filename="src\Enemies\Doria.cpp" />
		<Unit filename="src\Enemies\Minvo.cpp" />
		<Unit filename="src\Enemies\Oneal.cpp" />
		<Unit filename="src\Enemies\Ovape.cpp" />
		<Unit filename="src\Enemies\Pass.cpp" />
		<Unit filename="src\Enemies\Pontan.cpp" />
		<Unit filename="src\Enemies\Valcom.cpp" />
		<Unit filename="src\Entity.cpp" />
		<Unit filename="src\Event.cpp" />
		<Unit filename="src\FPS.cpp" />
		<Unit filename="src\Game.cpp" />
		<Unit filename="src\Map.cpp" />
		<Unit filename="src\Sprite.cpp" />
		<Unit filename="src\Tile.cpp" />
		<Extensions>
			<code_completion />
			<debugger />
		</Extensions>
	</Project>
</CodeBlocks_project_file>
